// !$*UTF8*$!
{
	archiveVersion = 1;
	classes = {
	};
	objectVersion = 56;
	objects = {

/* Begin PBXBuildFile section */
		3E3AC87729237F350000AA35 /* MainView.swift in Sources */ = {isa = PBXBuildFile; fileRef = 3E3AC87629237F350000AA35 /* MainView.swift */; };
		3E3AC87929237F8E0000AA35 /* VideoListView.swift in Sources */ = {isa = PBXBuildFile; fileRef = 3E3AC87829237F8E0000AA35 /* VideoListView.swift */; };
		3E3AC87B29237F990000AA35 /* MapView.swift in Sources */ = {isa = PBXBuildFile; fileRef = 3E3AC87A29237F990000AA35 /* MapView.swift */; };
		3E3AC87D29237FA50000AA35 /* GalleryView.swift in Sources */ = {isa = PBXBuildFile; fileRef = 3E3AC87C29237FA50000AA35 /* GalleryView.swift */; };
		3E3AC87F292380440000AA35 /* AnimalDetailView.swift in Sources */ = {isa = PBXBuildFile; fileRef = 3E3AC87E292380440000AA35 /* AnimalDetailView.swift */; };
		3EF98FD729237AB00090071F /* AfricaApp.swift in Sources */ = {isa = PBXBuildFile; fileRef = 3EF98FD629237AB00090071F /* AfricaApp.swift */; };
		3EF98FD929237AB00090071F /* ContentView.swift in Sources */ = {isa = PBXBuildFile; fileRef = 3EF98FD829237AB00090071F /* ContentView.swift */; };
		3EF98FDB29237AB10090071F /* Assets.xcassets in Resources */ = {isa = PBXBuildFile; fileRef = 3EF98FDA29237AB10090071F /* Assets.xcassets */; };
		3EF98FDE29237AB10090071F /* Preview Assets.xcassets in Resources */ = {isa = PBXBuildFile; fileRef = 3EF98FDD29237AB10090071F /* Preview Assets.xcassets */; };
		3EF98FEE29237C350090071F /* covers.json in Resources */ = {isa = PBXBuildFile; fileRef = 3EF98FEA29237C350090071F /* covers.json */; };
		3EF98FEF29237C350090071F /* videos.json in Resources */ = {isa = PBXBuildFile; fileRef = 3EF98FEB29237C350090071F /* videos.json */; };
		3EF98FF029237C350090071F /* animals.json in Resources */ = {isa = PBXBuildFile; fileRef = 3EF98FEC29237C350090071F /* animals.json */; };
		3EF98FF129237C350090071F /* locations.json in Resources */ = {isa = PBXBuildFile; fileRef = 3EF98FED29237C350090071F /* locations.json */; };
		3EF98FFC29237C560090071F /* lion.mp4 in Resources */ = {isa = PBXBuildFile; fileRef = 3EF98FF229237C540090071F /* lion.mp4 */; };
		3EF98FFD29237C560090071F /* rhino.mp4 in Resources */ = {isa = PBXBuildFile; fileRef = 3EF98FF329237C550090071F /* rhino.mp4 */; };
		3EF98FFE29237C560090071F /* cheetah.mp4 in Resources */ = {isa = PBXBuildFile; fileRef = 3EF98FF429237C550090071F /* cheetah.mp4 */; };
		3EF98FFF29237C560090071F /* elephant.mp4 in Resources */ = {isa = PBXBuildFile; fileRef = 3EF98FF529237C550090071F /* elephant.mp4 */; };
		3EF9900029237C560090071F /* gorilla.mp4 in Resources */ = {isa = PBXBuildFile; fileRef = 3EF98FF629237C550090071F /* gorilla.mp4 */; };
		3EF9900129237C560090071F /* ostrich.mp4 in Resources */ = {isa = PBXBuildFile; fileRef = 3EF98FF729237C560090071F /* ostrich.mp4 */; };
		3EF9900229237C560090071F /* giraffe.mp4 in Resources */ = {isa = PBXBuildFile; fileRef = 3EF98FF829237C560090071F /* giraffe.mp4 */; };
		3EF9900329237C560090071F /* hippo.mp4 in Resources */ = {isa = PBXBuildFile; fileRef = 3EF98FF929237C560090071F /* hippo.mp4 */; };
		3EF9900429237C560090071F /* zebra.mp4 in Resources */ = {isa = PBXBuildFile; fileRef = 3EF98FFA29237C560090071F /* zebra.mp4 */; };
		3EF9900529237C560090071F /* lioness.mp4 in Resources */ = {isa = PBXBuildFile; fileRef = 3EF98FFB29237C560090071F /* lioness.mp4 */; };
/* End PBXBuildFile section */

/* Begin PBXFileReference section */
		3E3AC87629237F350000AA35 /* MainView.swift */ = {isa = PBXFileReference; lastKnownFileType = sourcecode.swift; path = MainView.swift; sourceTree = "<group>"; };
		3E3AC87829237F8E0000AA35 /* VideoListView.swift */ = {isa = PBXFileReference; lastKnownFileType = sourcecode.swift; path = VideoListView.swift; sourceTree = "<group>"; };
		3E3AC87A29237F990000AA35 /* MapView.swift */ = {isa = PBXFileReference; lastKnownFileType = sourcecode.swift; path = MapView.swift; sourceTree = "<group>"; };
		3E3AC87C29237FA50000AA35 /* GalleryView.swift */ = {isa = PBXFileReference; lastKnownFileType = sourcecode.swift; path = GalleryView.swift; sourceTree = "<group>"; };
		3E3AC87E292380440000AA35 /* AnimalDetailView.swift */ = {isa = PBXFileReference; lastKnownFileType = sourcecode.swift; path = AnimalDetailView.swift; sourceTree = "<group>"; };
		3EF98FD329237AB00090071F /* Africa.app */ = {isa = PBXFileReference; explicitFileType = wrapper.application; includeInIndex = 0; path = Africa.app; sourceTree = BUILT_PRODUCTS_DIR; };
		3EF98FD629237AB00090071F /* AfricaApp.swift */ = {isa = PBXFileReference; lastKnownFileType = sourcecode.swift; path = AfricaApp.swift; sourceTree = "<group>"; };
		3EF98FD829237AB00090071F /* ContentView.swift */ = {isa = PBXFileReference; lastKnownFileType = sourcecode.swift; path = ContentView.swift; sourceTree = "<group>"; };
		3EF98FDA29237AB10090071F /* Assets.xcassets */ = {isa = PBXFileReference; lastKnownFileType = folder.assetcatalog; path = Assets.xcassets; sourceTree = "<group>"; };
		3EF98FDD29237AB10090071F /* Preview Assets.xcassets */ = {isa = PBXFileReference; lastKnownFileType = folder.assetcatalog; path = "Preview Assets.xcassets"; sourceTree = "<group>"; };
		3EF98FEA29237C350090071F /* covers.json */ = {isa = PBXFileReference; fileEncoding = 4; lastKnownFileType = text.json; path = covers.json; sourceTree = "<group>"; };
		3EF98FEB29237C350090071F /* videos.json */ = {isa = PBXFileReference; fileEncoding = 4; lastKnownFileType = text.json; path = videos.json; sourceTree = "<group>"; };
		3EF98FEC29237C350090071F /* animals.json */ = {isa = PBXFileReference; fileEncoding = 4; lastKnownFileType = text.json; path = animals.json; sourceTree = "<group>"; };
		3EF98FED29237C350090071F /* locations.json */ = {isa = PBXFileReference; fileEncoding = 4; lastKnownFileType = text.json; path = locations.json; sourceTree = "<group>"; };
		3EF98FF229237C540090071F /* lion.mp4 */ = {isa = PBXFileReference; lastKnownFileType = file; path = lion.mp4; sourceTree = "<group>"; };
		3EF98FF329237C550090071F /* rhino.mp4 */ = {isa = PBXFileReference; lastKnownFileType = file; path = rhino.mp4; sourceTree = "<group>"; };
		3EF98FF429237C550090071F /* cheetah.mp4 */ = {isa = PBXFileReference; lastKnownFileType = file; path = cheetah.mp4; sourceTree = "<group>"; };
		3EF98FF529237C550090071F /* elephant.mp4 */ = {isa = PBXFileReference; lastKnownFileType = file; path = elephant.mp4; sourceTree = "<group>"; };
		3EF98FF629237C550090071F /* gorilla.mp4 */ = {isa = PBXFileReference; lastKnownFileType = file; path = gorilla.mp4; sourceTree = "<group>"; };
		3EF98FF729237C560090071F /* ostrich.mp4 */ = {isa = PBXFileReference; lastKnownFileType = file; path = ostrich.mp4; sourceTree = "<group>"; };
		3EF98FF829237C560090071F /* giraffe.mp4 */ = {isa = PBXFileReference; lastKnownFileType = file; path = giraffe.mp4; sourceTree = "<group>"; };
		3EF98FF929237C560090071F /* hippo.mp4 */ = {isa = PBXFileReference; lastKnownFileType = file; path = hippo.mp4; sourceTree = "<group>"; };
		3EF98FFA29237C560090071F /* zebra.mp4 */ = {isa = PBXFileReference; lastKnownFileType = file; path = zebra.mp4; sourceTree = "<group>"; };
		3EF98FFB29237C560090071F /* lioness.mp4 */ = {isa = PBXFileReference; lastKnownFileType = file; path = lioness.mp4; sourceTree = "<group>"; };
/* End PBXFileReference section */

/* Begin PBXFrameworksBuildPhase section */
		3EF98FD029237AB00090071F /* Frameworks */ = {
			isa = PBXFrameworksBuildPhase;
			buildActionMask = 2147483647;
			files = (
			);
			runOnlyForDeploymentPostprocessing = 0;
		};
/* End PBXFrameworksBuildPhase section */

/* Begin PBXGroup section */
		3EF98FCA29237AB00090071F = {
			isa = PBXGroup;
			children = (
				3EF98FD529237AB00090071F /* Africa */,
				3EF98FD429237AB00090071F /* Products */,
			);
			sourceTree = "<group>";
		};
		3EF98FD429237AB00090071F /* Products */ = {
			isa = PBXGroup;
			children = (
				3EF98FD329237AB00090071F /* Africa.app */,
			);
			name = Products;
			sourceTree = "<group>";
		};
		3EF98FD529237AB00090071F /* Africa */ = {
			isa = PBXGroup;
			children = (
				3EF98FE929237C1B0090071F /* Data */,
				3EF98FE829237BEB0090071F /* Video */,
				3EF98FE729237BE30090071F /* Model */,
				3EF98FE629237BD20090071F /* Extension */,
				3EF98FE529237BCC0090071F /* View */,
				3EF98FE429237BC80090071F /* App */,
				3EF98FDA29237AB10090071F /* Assets.xcassets */,
				3EF98FDC29237AB10090071F /* Preview Content */,
			);
			path = Africa;
			sourceTree = "<group>";
		};
		3EF98FDC29237AB10090071F /* Preview Content */ = {
			isa = PBXGroup;
			children = (
				3EF98FDD29237AB10090071F /* Preview Assets.xcassets */,
			);
			path = "Preview Content";
			sourceTree = "<group>";
		};
		3EF98FE429237BC80090071F /* App */ = {
			isa = PBXGroup;
			children = (
				3E3AC87629237F350000AA35 /* MainView.swift */,
				3E3AC87829237F8E0000AA35 /* VideoListView.swift */,
				3E3AC87A29237F990000AA35 /* MapView.swift */,
				3E3AC87C29237FA50000AA35 /* GalleryView.swift */,
				3EF98FD629237AB00090071F /* AfricaApp.swift */,
				3EF98FD829237AB00090071F /* ContentView.swift */,
			);
			path = App;
			sourceTree = "<group>";
		};
		3EF98FE529237BCC0090071F /* View */ = {
			isa = PBXGroup;
			children = (
				3E3AC87E292380440000AA35 /* AnimalDetailView.swift */,
			);
			path = View;
			sourceTree = "<group>";
		};
		3EF98FE629237BD20090071F /* Extension */ = {
			isa = PBXGroup;
			children = (
			);
			path = Extension;
			sourceTree = "<group>";
		};
		3EF98FE729237BE30090071F /* Model */ = {
			isa = PBXGroup;
			children = (
			);
			path = Model;
			sourceTree = "<group>";
		};
		3EF98FE829237BEB0090071F /* Video */ = {
			isa = PBXGroup;
			children = (
				3EF98FF429237C550090071F /* cheetah.mp4 */,
				3EF98FF529237C550090071F /* elephant.mp4 */,
				3EF98FF829237C560090071F /* giraffe.mp4 */,
				3EF98FF629237C550090071F /* gorilla.mp4 */,
				3EF98FF929237C560090071F /* hippo.mp4 */,
				3EF98FF229237C540090071F /* lion.mp4 */,
				3EF98FFB29237C560090071F /* lioness.mp4 */,
				3EF98FF729237C560090071F /* ostrich.mp4 */,
				3EF98FF329237C550090071F /* rhino.mp4 */,
				3EF98FFA29237C560090071F /* zebra.mp4 */,
			);
			path = Video;
			sourceTree = "<group>";
		};
		3EF98FE929237C1B0090071F /* Data */ = {
			isa = PBXGroup;
			children = (
				3EF98FEC29237C350090071F /* animals.json */,
				3EF98FEA29237C350090071F /* covers.json */,
				3EF98FED29237C350090071F /* locations.json */,
				3EF98FEB29237C350090071F /* videos.json */,
			);
			path = Data;
			sourceTree = "<group>";
		};
/* End PBXGroup section */

/* Begin PBXNativeTarget section */
		3EF98FD229237AB00090071F /* Africa */ = {
			isa = PBXNativeTarget;
			buildConfigurationList = 3EF98FE129237AB10090071F /* Build configuration list for PBXNativeTarget "Africa" */;
			buildPhases = (
				3EF98FCF29237AB00090071F /* Sources */,
				3EF98FD029237AB00090071F /* Frameworks */,
				3EF98FD129237AB00090071F /* Resources */,
			);
			buildRules = (
			);
			dependencies = (
			);
			name = Africa;
			productName = Africa;
			productReference = 3EF98FD329237AB00090071F /* Africa.app */;
			productType = "com.apple.product-type.application";
		};
/* End PBXNativeTarget section */

/* Begin PBXProject section */
		3EF98FCB29237AB00090071F /* Project object */ = {
			isa = PBXProject;
			attributes = {
				BuildIndependentTargetsInParallel = 1;
				LastSwiftUpdateCheck = 1410;
				LastUpgradeCheck = 1410;
				TargetAttributes = {
					3EF98FD229237AB00090071F = {
						CreatedOnToolsVersion = 14.1;
					};
				};
			};
			buildConfigurationList = 3EF98FCE29237AB00090071F /* Build configuration list for PBXProject "Africa" */;
			compatibilityVersion = "Xcode 14.0";
			developmentRegion = en;
			hasScannedForEncodings = 0;
			knownRegions = (
				en,
				Base,
			);
			mainGroup = 3EF98FCA29237AB00090071F;
			productRefGroup = 3EF98FD429237AB00090071F /* Products */;
			projectDirPath = "";
			projectRoot = "";
			targets = (
				3EF98FD229237AB00090071F /* Africa */,
			);
		};
/* End PBXProject section */

/* Begin PBXResourcesBuildPhase section */
		3EF98FD129237AB00090071F /* Resources */ = {
			isa = PBXResourcesBuildPhase;
			buildActionMask = 2147483647;
			files = (
				3EF98FFD29237C560090071F /* rhino.mp4 in Resources */,
				3EF9900429237C560090071F /* zebra.mp4 in Resources */,
				3EF98FF029237C350090071F /* animals.json in Resources */,
				3EF9900329237C560090071F /* hippo.mp4 in Resources */,
				3EF98FDE29237AB10090071F /* Preview Assets.xcassets in Resources */,
				3EF98FFC29237C560090071F /* lion.mp4 in Resources */,
				3EF98FEF29237C350090071F /* videos.json in Resources */,
				3EF9900529237C560090071F /* lioness.mp4 in Resources */,
				3EF98FEE29237C350090071F /* covers.json in Resources */,
				3EF9900129237C560090071F /* ostrich.mp4 in Resources */,
				3EF98FF129237C350090071F /* locations.json in Resources */,
				3EF98FDB29237AB10090071F /* Assets.xcassets in Resources */,
				3EF98FFF29237C560090071F /* elephant.mp4 in Resources */,
				3EF98FFE29237C560090071F /* cheetah.mp4 in Resources */,
				3EF9900229237C560090071F /* giraffe.mp4 in Resources */,
				3EF9900029237C560090071F /* gorilla.mp4 in Resources */,
			);
			runOnlyForDeploymentPostprocessing = 0;
		};
/* End PBXResourcesBuildPhase section */

/* Begin PBXSourcesBuildPhase section */
		3EF98FCF29237AB00090071F /* Sources */ = {
			isa = PBXSourcesBuildPhase;
			buildActionMask = 2147483647;
			files = (
				3E3AC87929237F8E0000AA35 /* VideoListView.swift in Sources */,
				3E3AC87F292380440000AA35 /* AnimalDetailView.swift in Sources */,
				3E3AC87D29237FA50000AA35 /* GalleryView.swift in Sources */,
				3EF98FD929237AB00090071F /* ContentView.swift in Sources */,
				3E3AC87B29237F990000AA35 /* MapView.swift in Sources */,
				3E3AC87729237F350000AA35 /* MainView.swift in Sources */,
				3EF98FD729237AB00090071F /* AfricaApp.swift in Sources */,
			);
			runOnlyForDeploymentPostprocessing = 0;
		};
/* End PBXSourcesBuildPhase section */

/* Begin XCBuildConfiguration section */
		3EF98FDF29237AB10090071F /* Debug */ = {
			isa = XCBuildConfiguration;
			buildSettings = {
				ALWAYS_SEARCH_USER_PATHS = NO;
				CLANG_ANALYZER_NONNULL = YES;
				CLANG_ANALYZER_NUMBER_OBJECT_CONVERSION = YES_AGGRESSIVE;
				CLANG_CXX_LANGUAGE_STANDARD = "gnu++20";
				CLANG_ENABLE_MODULES = YES;
				CLANG_ENABLE_OBJC_ARC = YES;
				CLANG_ENABLE_OBJC_WEAK = YES;
				CLANG_WARN_BLOCK_CAPTURE_AUTORELEASING = YES;
				CLANG_WARN_BOOL_CONVERSION = YES;
				CLANG_WARN_COMMA = YES;
				CLANG_WARN_CONSTANT_CONVERSION = YES;
				CLANG_WARN_DEPRECATED_OBJC_IMPLEMENTATIONS = YES;
				CLANG_WARN_DIRECT_OBJC_ISA_USAGE = YES_ERROR;
				CLANG_WARN_DOCUMENTATION_COMMENTS = YES;
				CLANG_WARN_EMPTY_BODY = YES;
				CLANG_WARN_ENUM_CONVERSION = YES;
				CLANG_WARN_INFINITE_RECURSION = YES;
				CLANG_WARN_INT_CONVERSION = YES;
				CLANG_WARN_NON_LITERAL_NULL_CONVERSION = YES;
				CLANG_WARN_OBJC_IMPLICIT_RETAIN_SELF = YES;
				CLANG_WARN_OBJC_LITERAL_CONVERSION = YES;
				CLANG_WARN_OBJC_ROOT_CLASS = YES_ERROR;
				CLANG_WARN_QUOTED_INCLUDE_IN_FRAMEWORK_HEADER = YES;
				CLANG_WARN_RANGE_LOOP_ANALYSIS = YES;
				CLANG_WARN_STRICT_PROTOTYPES = YES;
				CLANG_WARN_SUSPICIOUS_MOVE = YES;
				CLANG_WARN_UNGUARDED_AVAILABILITY = YES_AGGRESSIVE;
				CLANG_WARN_UNREACHABLE_CODE = YES;
				CLANG_WARN__DUPLICATE_METHOD_MATCH = YES;
				COPY_PHASE_STRIP = NO;
				DEBUG_INFORMATION_FORMAT = dwarf;
				ENABLE_STRICT_OBJC_MSGSEND = YES;
				ENABLE_TESTABILITY = YES;
				GCC_C_LANGUAGE_STANDARD = gnu11;
				GCC_DYNAMIC_NO_PIC = NO;
				GCC_NO_COMMON_BLOCKS = YES;
				GCC_OPTIMIZATION_LEVEL = 0;
				GCC_PREPROCESSOR_DEFINITIONS = (
					"DEBUG=1",
					"$(inherited)",
				);
				GCC_WARN_64_TO_32_BIT_CONVERSION = YES;
				GCC_WARN_ABOUT_RETURN_TYPE = YES_ERROR;
				GCC_WARN_UNDECLARED_SELECTOR = YES;
				GCC_WARN_UNINITIALIZED_AUTOS = YES_AGGRESSIVE;
				GCC_WARN_UNUSED_FUNCTION = YES;
				GCC_WARN_UNUSED_VARIABLE = YES;
				IPHONEOS_DEPLOYMENT_TARGET = 16.1;
				MTL_ENABLE_DEBUG_INFO = INCLUDE_SOURCE;
				MTL_FAST_MATH = YES;
				ONLY_ACTIVE_ARCH = YES;
				SDKROOT = iphoneos;
				SWIFT_ACTIVE_COMPILATION_CONDITIONS = DEBUG;
				SWIFT_OPTIMIZATION_LEVEL = "-Onone";
			};
			name = Debug;
		};
		3EF98FE029237AB10090071F /* Release */ = {
			isa = XCBuildConfiguration;
			buildSettings = {
				ALWAYS_SEARCH_USER_PATHS = NO;
				CLANG_ANALYZER_NONNULL = YES;
				CLANG_ANALYZER_NUMBER_OBJECT_CONVERSION = YES_AGGRESSIVE;
				CLANG_CXX_LANGUAGE_STANDARD = "gnu++20";
				CLANG_ENABLE_MODULES = YES;
				CLANG_ENABLE_OBJC_ARC = YES;
				CLANG_ENABLE_OBJC_WEAK = YES;
				CLANG_WARN_BLOCK_CAPTURE_AUTORELEASING = YES;
				CLANG_WARN_BOOL_CONVERSION = YES;
				CLANG_WARN_COMMA = YES;
				CLANG_WARN_CONSTANT_CONVERSION = YES;
				CLANG_WARN_DEPRECATED_OBJC_IMPLEMENTATIONS = YES;
				CLANG_WARN_DIRECT_OBJC_ISA_USAGE = YES_ERROR;
				CLANG_WARN_DOCUMENTATION_COMMENTS = YES;
				CLANG_WARN_EMPTY_BODY = YES;
				CLANG_WARN_ENUM_CONVERSION = YES;
				CLANG_WARN_INFINITE_RECURSION = YES;
				CLANG_WARN_INT_CONVERSION = YES;
				CLANG_WARN_NON_LITERAL_NULL_CONVERSION = YES;
				CLANG_WARN_OBJC_IMPLICIT_RETAIN_SELF = YES;
				CLANG_WARN_OBJC_LITERAL_CONVERSION = YES;
				CLANG_WARN_OBJC_ROOT_CLASS = YES_ERROR;
				CLANG_WARN_QUOTED_INCLUDE_IN_FRAMEWORK_HEADER = YES;
				CLANG_WARN_RANGE_LOOP_ANALYSIS = YES;
				CLANG_WARN_STRICT_PROTOTYPES = YES;
				CLANG_WARN_SUSPICIOUS_MOVE = YES;
				CLANG_WARN_UNGUARDED_AVAILABILITY = YES_AGGRESSIVE;
				CLANG_WARN_UNREACHABLE_CODE = YES;
				CLANG_WARN__DUPLICATE_METHOD_MATCH = YES;
				COPY_PHASE_STRIP = NO;
				DEBUG_INFORMATION_FORMAT = "dwarf-with-dsym";
				ENABLE_NS_ASSERTIONS = NO;
				ENABLE_STRICT_OBJC_MSGSEND = YES;
				GCC_C_LANGUAGE_STANDARD = gnu11;
				GCC_NO_COMMON_BLOCKS = YES;
				GCC_WARN_64_TO_32_BIT_CONVERSION = YES;
				GCC_WARN_ABOUT_RETURN_TYPE = YES_ERROR;
				GCC_WARN_UNDECLARED_SELECTOR = YES;
				GCC_WARN_UNINITIALIZED_AUTOS = YES_AGGRESSIVE;
				GCC_WARN_UNUSED_FUNCTION = YES;
				GCC_WARN_UNUSED_VARIABLE = YES;
				IPHONEOS_DEPLOYMENT_TARGET = 16.1;
				MTL_ENABLE_DEBUG_INFO = NO;
				MTL_FAST_MATH = YES;
				SDKROOT = iphoneos;
				SWIFT_COMPILATION_MODE = wholemodule;
				SWIFT_OPTIMIZATION_LEVEL = "-O";
				VALIDATE_PRODUCT = YES;
			};
			name = Release;
		};
		3EF98FE229237AB10090071F /* Debug */ = {
			isa = XCBuildConfiguration;
			buildSettings = {
				ASSETCATALOG_COMPILER_APPICON_NAME = AppIcon;
				ASSETCATALOG_COMPILER_GLOBAL_ACCENT_COLOR_NAME = AccentColor;
				CODE_SIGN_STYLE = Automatic;
				CURRENT_PROJECT_VERSION = 1;
				DEVELOPMENT_ASSET_PATHS = "\"Africa/Preview Content\"";
				ENABLE_PREVIEWS = YES;
				GENERATE_INFOPLIST_FILE = YES;
				INFOPLIST_KEY_UIApplicationSceneManifest_Generation = YES;
				INFOPLIST_KEY_UIApplicationSupportsIndirectInputEvents = YES;
				INFOPLIST_KEY_UILaunchScreen_Generation = YES;
				INFOPLIST_KEY_UISupportedInterfaceOrientations_iPad = "UIInterfaceOrientationPortrait UIInterfaceOrientationPortraitUpsideDown UIInterfaceOrientationLandscapeLeft UIInterfaceOrientationLandscapeRight";
				INFOPLIST_KEY_UISupportedInterfaceOrientations_iPhone = "UIInterfaceOrientationPortrait UIInterfaceOrientationLandscapeLeft UIInterfaceOrientationLandscapeRight";
				LD_RUNPATH_SEARCH_PATHS = (
					"$(inherited)",
					"@executable_path/Frameworks",
				);
				MARKETING_VERSION = 1.0;
				PRODUCT_BUNDLE_IDENTIFIER = com.mena.Africa;
				PRODUCT_NAME = "$(TARGET_NAME)";
				SWIFT_EMIT_LOC_STRINGS = YES;
				SWIFT_VERSION = 5.0;
				TARGETED_DEVICE_FAMILY = "1,2";
			};
			name = Debug;
		};
		3EF98FE329237AB10090071F /* Release */ = {
			isa = XCBuildConfiguration;
			buildSettings = {
				ASSETCATALOG_COMPILER_APPICON_NAME = AppIcon;
				ASSETCATALOG_COMPILER_GLOBAL_ACCENT_COLOR_NAME = AccentColor;
				CODE_SIGN_STYLE = Automatic;
				CURRENT_PROJECT_VERSION = 1;
				DEVELOPMENT_ASSET_PATHS = "\"Africa/Preview Content\"";
				ENABLE_PREVIEWS = YES;
				GENERATE_INFOPLIST_FILE = YES;
				INFOPLIST_KEY_UIApplicationSceneManifest_Generation = YES;
				INFOPLIST_KEY_UIApplicationSupportsIndirectInputEvents = YES;
				INFOPLIST_KEY_UILaunchScreen_Generation = YES;
				INFOPLIST_KEY_UISupportedInterfaceOrientations_iPad = "UIInterfaceOrientationPortrait UIInterfaceOrientationPortraitUpsideDown UIInterfaceOrientationLandscapeLeft UIInterfaceOrientationLandscapeRight";
				INFOPLIST_KEY_UISupportedInterfaceOrientations_iPhone = "UIInterfaceOrientationPortrait UIInterfaceOrientationLandscapeLeft UIInterfaceOrientationLandscapeRight";
				LD_RUNPATH_SEARCH_PATHS = (
					"$(inherited)",
					"@executable_path/Frameworks",
				);
				MARKETING_VERSION = 1.0;
				PRODUCT_BUNDLE_IDENTIFIER = com.mena.Africa;
				PRODUCT_NAME = "$(TARGET_NAME)";
				SWIFT_EMIT_LOC_STRINGS = YES;
				SWIFT_VERSION = 5.0;
				TARGETED_DEVICE_FAMILY = "1,2";
			};
			name = Release;
		};
/* End XCBuildConfiguration section */

/* Begin XCConfigurationList section */
		3EF98FCE29237AB00090071F /* Build configuration list for PBXProject "Africa" */ = {
			isa = XCConfigurationList;
			buildConfigurations = (
				3EF98FDF29237AB10090071F /* Debug */,
				3EF98FE029237AB10090071F /* Release */,
			);
			defaultConfigurationIsVisible = 0;
			defaultConfigurationName = Release;
		};
		3EF98FE129237AB10090071F /* Build configuration list for PBXNativeTarget "Africa" */ = {
			isa = XCConfigurationList;
			buildConfigurations = (
				3EF98FE229237AB10090071F /* Debug */,
				3EF98FE329237AB10090071F /* Release */,
			);
			defaultConfigurationIsVisible = 0;
			defaultConfigurationName = Release;
		};
/* End XCConfigurationList section */
	};
	rootObject = 3EF98FCB29237AB00090071F /* Project object */;
}
